
Microsoft Visual Studio Solution File, Format Version 12.00
# Visual Studio Version 16
VisualStudioVersion = 16.0.30615.102
MinimumVisualStudioVersion = 10.0.40219.1
Project("{FAE04EC0-301F-11D3-BF4B-00C04F79EFBC}") = "AdessoRideShare", "AdessoRideShare\AdessoRideShare.csproj", "{BE907D53-EA57-417C-9030-46161ABFE7AA}"
EndProject
Global
	GlobalSection(SolutionConfigurationPlatforms) = preSolution
		Debug|Any CPU = Debug|Any CPU
		Release|Any CPU = Release|Any CPU
	EndGlobalSection
	GlobalSection(ProjectConfigurationPlatforms) = postSolution
		{BE907D53-EA57-417C-9030-46161ABFE7AA}.Debug|Any CPU.ActiveCfg = Debug|Any CPU
		{BE907D53-EA57-417C-9030-46161ABFE7AA}.Debug|Any CPU.Build.0 = Debug|Any CPU
		{BE907D53-EA57-417C-9030-46161ABFE7AA}.Release|Any CPU.ActiveCfg = Release|Any CPU
		{BE907D53-EA57-417C-9030-46161ABFE7AA}.Release|Any CPU.Build.0 = Release|Any CPU
	EndGlobalSection
	GlobalSection(SolutionProperties) = preSolution
		HideSolutionNode = FALSE
	EndGlobalSection
	GlobalSection(ExtensibilityGlobals) = postSolution
		SolutionGuid = {B1C15B42-5562-4EBE-8E81-3ACD3615AF0A}
	EndGlobalSection
EndGlobal
